
Microsoft Visual Studio Solution File, Format Version 12.00
# Visual Studio Version 17
VisualStudioVersion = 17.4.33213.308
MinimumVisualStudioVersion = 10.0.40219.1
Project("{FAE04EC0-301F-11D3-BF4B-00C04F79EFBC}") = "GooseBoss_dev_1", "GooseBoss_dev_1\GooseBoss_dev_1.csproj", "{FB2E7C56-A2A7-411A-9BAA-2F825E98D7D3}"
EndProject
Global
	GlobalSection(SolutionConfigurationPlatforms) = preSolution
		Debug|Any CPU = Debug|Any CPU
		Release|Any CPU = Release|Any CPU
	EndGlobalSection
	GlobalSection(ProjectConfigurationPlatforms) = postSolution
		{FB2E7C56-A2A7-411A-9BAA-2F825E98D7D3}.Debug|Any CPU.ActiveCfg = Debug|Any CPU
		{FB2E7C56-A2A7-411A-9BAA-2F825E98D7D3}.Debug|Any CPU.Build.0 = Debug|Any CPU
		{FB2E7C56-A2A7-411A-9BAA-2F825E98D7D3}.Release|Any CPU.ActiveCfg = Release|Any CPU
		{FB2E7C56-A2A7-411A-9BAA-2F825E98D7D3}.Release|Any CPU.Build.0 = Release|Any CPU
	EndGlobalSection
	GlobalSection(SolutionProperties) = preSolution
		HideSolutionNode = FALSE
	EndGlobalSection
	GlobalSection(ExtensibilityGlobals) = postSolution
		SolutionGuid = {BBB58508-6863-4EBD-A577-1E47D8F3CE1E}
	EndGlobalSection
EndGlobal
